
Microsoft Visual Studio Solution File, Format Version 12.00
# Visual Studio Version 16
VisualStudioVersion = 16.0.29306.81
MinimumVisualStudioVersion = 10.0.40219.1
Project("{FAE04EC0-301F-11D3-BF4B-00C04F79EFBC}") = "ap 2 p1", "ap 2 p1\ap 2 p1.csproj", "{CE8E2556-AB90-4687-87E2-93DFF7DA6F6E}"
EndProject
Global
	GlobalSection(SolutionConfigurationPlatforms) = preSolution
		Debug|Any CPU = Debug|Any CPU
		Release|Any CPU = Release|Any CPU
	EndGlobalSection
	GlobalSection(ProjectConfigurationPlatforms) = postSolution
		{CE8E2556-AB90-4687-87E2-93DFF7DA6F6E}.Debug|Any CPU.ActiveCfg = Debug|Any CPU
		{CE8E2556-AB90-4687-87E2-93DFF7DA6F6E}.Debug|Any CPU.Build.0 = Debug|Any CPU
		{CE8E2556-AB90-4687-87E2-93DFF7DA6F6E}.Release|Any CPU.ActiveCfg = Release|Any CPU
		{CE8E2556-AB90-4687-87E2-93DFF7DA6F6E}.Release|Any CPU.Build.0 = Release|Any CPU
	EndGlobalSection
	GlobalSection(SolutionProperties) = preSolution
		HideSolutionNode = FALSE
	EndGlobalSection
	GlobalSection(ExtensibilityGlobals) = postSolution
		SolutionGuid = {067DC326-6AA8-4639-8FF0-15DB02EE6980}
	EndGlobalSection
EndGlobal
